
Microsoft Visual Studio Solution File, Format Version 12.00
# Visual Studio Version 16
VisualStudioVersion = 16.0.30002.166
MinimumVisualStudioVersion = 10.0.40219.1
Project("{FAE04EC0-301F-11D3-BF4B-00C04F79EFBC}") = "atom-feed-parser-example", "atom-feed-parser-example\atom-feed-parser-example.csproj", "{A1BB6C03-246D-444C-9689-996222731486}"
EndProject
Global
	GlobalSection(SolutionConfigurationPlatforms) = preSolution
		Debug|Any CPU = Debug|Any CPU
		Release|Any CPU = Release|Any CPU
	EndGlobalSection
	GlobalSection(ProjectConfigurationPlatforms) = postSolution
		{A1BB6C03-246D-444C-9689-996222731486}.Debug|Any CPU.ActiveCfg = Debug|Any CPU
		{A1BB6C03-246D-444C-9689-996222731486}.Debug|Any CPU.Build.0 = Debug|Any CPU
		{A1BB6C03-246D-444C-9689-996222731486}.Release|Any CPU.ActiveCfg = Release|Any CPU
		{A1BB6C03-246D-444C-9689-996222731486}.Release|Any CPU.Build.0 = Release|Any CPU
	EndGlobalSection
	GlobalSection(SolutionProperties) = preSolution
		HideSolutionNode = FALSE
	EndGlobalSection
	GlobalSection(ExtensibilityGlobals) = postSolution
		SolutionGuid = {91B37407-9BB1-4B04-B639-FDA8569FA56F}
	EndGlobalSection
EndGlobal
